dependencies:
  espressif/button:
    component_hash: 19d729c86c9d0e3819e95ef27b7e561598301e9716ef6df3b5bc7337e5816c6e
    dependencies:
    - name: espressif/cmake_utilities
      registry_url: https://components.espressif.com
      require: private
      version: '*'
    - name: idf
      require: private
      version: '>=4.0'
    source:
      registry_url: https://components.espressif.com/
      type: service
    version: 4.1.0
  espressif/cmake_utilities:
    component_hash: 05165f30922b422b4b90c08845e6d449329b97370fbd06309803d8cb539d79e3
    dependencies:
    - name: idf
      require: private
      version: '>=4.1'
    source:
      registry_url: https://components.espressif.com
      type: service
    version: 1.1.1
  idf:
    source:
      type: idf
    version: 5.3.1
direct_dependencies:
- espressif/button
- idf
manifest_hash: 79d25dca9d6b5497f0ee9f37afbe71be271233e5475c0b52baf48cce5d8b99d7
target: esp32
version: 2.0.0
